Microsoft Visual Studio Solution File, Format Version 12.00
# 17
VisualStudioVersion = 17.11.35303.130
MinimumVisualStudioVersion = 10.0.40219.1
Project("{8BC9CEB8-8B4A-11D0-8D11-00A0C91BC942}") = "CallExe", "CallExe\CallExe.vcxproj", "{A8E3B170-07F7-46F7-B328-DBFCF905EE9C}"
EndProject
Project("{8BC9CEB8-8B4A-11D0-8D11-00A0C91BC942}") = "CallExe-CMD", "CallExe\CallExe-CMD\CallExe-CMD.vcxproj", "{32FB4894-5607-4576-B48D-EE660F2E9BEC}"
EndProject
Project("{8BC9CEB8-8B4A-11D0-8D11-00A0C91BC942}") = "CallExe-GUI", "CallExe\CallExe-GUI\CallExe-GUI.vcxproj", "{B00E974D-FBCC-43F2-87AF-417277CF318D}"
EndProject
Project("{2150E333-8FDC-42A3-9474-1A3956D46DE8}") = "CallExe-Build", "CallExe-Build", "{1FF0287F-DA67-4F82-AC2C-6EFBE99C601F}"
EndProject
Project("{8BC9CEB8-8B4A-11D0-8D11-00A0C91BC942}") = "TongDaXin", "TongDaXin\TongDaXin.vcxproj", "{2E325087-6D10-428C-AE9B-961B56B65F00}"
EndProject
Project("{8BC9CEB8-8B4A-11D0-8D11-00A0C91BC942}") = "PluginFunc", "TongDaXin\PluginFunc\PluginFunc.vcxproj", "{6D592A1F-8A3C-4CD0-9F89-E32824BBC046}"
EndProject
Project("{2150E333-8FDC-42A3-9474-1A3956D46DE8}") = "TongDaXin-Build", "TongDaXin-Build", "{6175837B-0C55-4035-98FC-E32D890650D7}"
EndProject
Project("{8BC9CEB8-8B4A-11D0-8D11-00A0C91BC942}") = "Project1", "Project1\Project1.vcxproj", "{09E912C7-73BB-460A-B020-C2DEC0AAA7F9}"
EndProject
Global
	GlobalSection(SolutionConfigurationPlatforms) = preSolution
		Debug|x64 = Debug|x64
		Debug|x86 = Debug|x86
		Release|x64 = Release|x64
		Release|x86 = Release|x86
	EndGlobalSection
	GlobalSection(ProjectConfigurationPlatforms) = postSolution
		{A8E3B170-07F7-46F7-B328-DBFCF905EE9C}.Debug|x64.ActiveCfg = Debug|x64
		{A8E3B170-07F7-46F7-B328-DBFCF905EE9C}.Debug|x64.Build.0 = Debug|x64
		{A8E3B170-07F7-46F7-B328-DBFCF905EE9C}.Debug|x86.ActiveCfg = Debug|Win32
		{A8E3B170-07F7-46F7-B328-DBFCF905EE9C}.Debug|x86.Build.0 = Debug|Win32
		{A8E3B170-07F7-46F7-B328-DBFCF905EE9C}.Release|x64.ActiveCfg = Release|x64
		{A8E3B170-07F7-46F7-B328-DBFCF905EE9C}.Release|x64.Build.0 = Release|x64
		{A8E3B170-07F7-46F7-B328-DBFCF905EE9C}.Release|x86.ActiveCfg = Release|Win32
		{A8E3B170-07F7-46F7-B328-DBFCF905EE9C}.Release|x86.Build.0 = Release|Win32
		{32FB4894-5607-4576-B48D-EE660F2E9BEC}.Debug|x64.ActiveCfg = Debug|x64
		{32FB4894-5607-4576-B48D-EE660F2E9BEC}.Debug|x64.Build.0 = Debug|x64
		{32FB4894-5607-4576-B48D-EE660F2E9BEC}.Debug|x86.ActiveCfg = Debug|Win32
		{32FB4894-5607-4576-B48D-EE660F2E9BEC}.Debug|x86.Build.0 = Debug|Win32
		{32FB4894-5607-4576-B48D-EE660F2E9BEC}.Release|x64.ActiveCfg = Release|x64
		{32FB4894-5607-4576-B48D-EE660F2E9BEC}.Release|x64.Build.0 = Release|x64
		{32FB4894-5607-4576-B48D-EE660F2E9BEC}.Release|x86.ActiveCfg = Release|Win32
		{32FB4894-5607-4576-B48D-EE660F2E9BEC}.Release|x86.Build.0 = Release|Win32
		{B00E974D-FBCC-43F2-87AF-417277CF318D}.Debug|x64.ActiveCfg = Debug|x64
		{B00E974D-FBCC-43F2-87AF-417277CF318D}.Debug|x64.Build.0 = Debug|x64
		{B00E974D-FBCC-43F2-87AF-417277CF318D}.Debug|x86.ActiveCfg = Debug|Win32
		{B00E974D-FBCC-43F2-87AF-417277CF318D}.Debug|x86.Build.0 = Debug|Win32
		{B00E974D-FBCC-43F2-87AF-417277CF318D}.Release|x64.ActiveCfg = Release|x64
		{B00E974D-FBCC-43F2-87AF-417277CF318D}.Release|x64.Build.0 = Release|x64
		{B00E974D-FBCC-43F2-87AF-417277CF318D}.Release|x86.ActiveCfg = Release|Win32
		{B00E974D-FBCC-43F2-87AF-417277CF318D}.Release|x86.Build.0 = Release|Win32
		{2E325087-6D10-428C-AE9B-961B56B65F00}.Debug|x64.ActiveCfg = Debug|x64
		{2E325087-6D10-428C-AE9B-961B56B65F00}.Debug|x64.Build.0 = Debug|x64
		{2E325087-6D10-428C-AE9B-961B56B65F00}.Debug|x86.ActiveCfg = Debug|Win32
		{2E325087-6D10-428C-AE9B-961B56B65F00}.Debug|x86.Build.0 = Debug|Win32
		{2E325087-6D10-428C-AE9B-961B56B65F00}.Release|x64.ActiveCfg = Release|x64
		{2E325087-6D10-428C-AE9B-961B56B65F00}.Release|x64.Build.0 = Release|x64
		{2E325087-6D10-428C-AE9B-961B56B65F00}.Release|x86.ActiveCfg = Release|Win32
		{2E325087-6D10-428C-AE9B-961B56B65F00}.Release|x86.Build.0 = Release|Win32
		{6D592A1F-8A3C-4CD0-9F89-E32824BBC046}.Debug|x64.ActiveCfg = Debug|x64
		{6D592A1F-8A3C-4CD0-9F89-E32824BBC046}.Debug|x64.Build.0 = Debug|x64
		{6D592A1F-8A3C-4CD0-9F89-E32824BBC046}.Debug|x86.ActiveCfg = Debug|Win32
		{6D592A1F-8A3C-4CD0-9F89-E32824BBC046}.Debug|x86.Build.0 = Debug|Win32
		{6D592A1F-8A3C-4CD0-9F89-E32824BBC046}.Release|x64.ActiveCfg = Release|x64
		{6D592A1F-8A3C-4CD0-9F89-E32824BBC046}.Release|x64.Build.0 = Release|x64
		{6D592A1F-8A3C-4CD0-9F89-E32824BBC046}.Release|x86.ActiveCfg = Release|Win32
		{6D592A1F-8A3C-4CD0-9F89-E32824BBC046}.Release|x86.Build.0 = Release|Win32
		{09E912C7-73BB-460A-B020-C2DEC0AAA7F9}.Debug|x64.ActiveCfg = Debug|x64
		{09E912C7-73BB-460A-B020-C2DEC0AAA7F9}.Debug|x64.Build.0 = Debug|x64
		{09E912C7-73BB-460A-B020-C2DEC0AAA7F9}.Debug|x86.ActiveCfg = Debug|Win32
		{09E912C7-73BB-460A-B020-C2DEC0AAA7F9}.Debug|x86.Build.0 = Debug|Win32
		{09E912C7-73BB-460A-B020-C2DEC0AAA7F9}.Release|x64.ActiveCfg = Release|x64
		{09E912C7-73BB-460A-B020-C2DEC0AAA7F9}.Release|x64.Build.0 = Release|x64
		{09E912C7-73BB-460A-B020-C2DEC0AAA7F9}.Release|x86.ActiveCfg = Release|Win32
		{09E912C7-73BB-460A-B020-C2DEC0AAA7F9}.Release|x86.Build.0 = Release|Win32
	EndGlobalSection
	GlobalSection(SolutionProperties) = preSolution
		HideSolutionNode = FALSE
	EndGlobalSection
	GlobalSection(NestedProjects) = preSolution
		{A8E3B170-07F7-46F7-B328-DBFCF905EE9C} = {1FF0287F-DA67-4F82-AC2C-6EFBE99C601F}
		{32FB4894-5607-4576-B48D-EE660F2E9BEC} = {1FF0287F-DA67-4F82-AC2C-6EFBE99C601F}
		{B00E974D-FBCC-43F2-87AF-417277CF318D} = {1FF0287F-DA67-4F82-AC2C-6EFBE99C601F}
		{2E325087-6D10-428C-AE9B-961B56B65F00} = {6175837B-0C55-4035-98FC-E32D890650D7}
		{6D592A1F-8A3C-4CD0-9F89-E32824BBC046} = {6175837B-0C55-4035-98FC-E32D890650D7}
	EndGlobalSection
	GlobalSection(ExtensibilityGlobals) = postSolution
		SolutionGuid = {88E1B520-6418-4C15-9303-84681D400C9E}
	EndGlobalSection
EndGlobal
